
Microsoft Visual Studio Solution File, Format Version 12.00
# Visual Studio Version 17
VisualStudioVersion = 17.7.34024.191
MinimumVisualStudioVersion = 10.0.40219.1
Project("{FAE04EC0-301F-11D3-BF4B-00C04F79EFBC}") = "azer bülbül-başaramadım", "azer bülbül-başaramadım.csproj", "{E4ED574D-E2D8-4E61-B128-D7FE04DA6109}"
EndProject
Global
	GlobalSection(SolutionConfigurationPlatforms) = preSolution
		Debug|Any CPU = Debug|Any CPU
		Release|Any CPU = Release|Any CPU
	EndGlobalSection
	GlobalSection(ProjectConfigurationPlatforms) = postSolution
		{E4ED574D-E2D8-4E61-B128-D7FE04DA6109}.Debug|Any CPU.ActiveCfg = Debug|Any CPU
		{E4ED574D-E2D8-4E61-B128-D7FE04DA6109}.Debug|Any CPU.Build.0 = Debug|Any CPU
		{E4ED574D-E2D8-4E61-B128-D7FE04DA6109}.Release|Any CPU.ActiveCfg = Release|Any CPU
		{E4ED574D-E2D8-4E61-B128-D7FE04DA6109}.Release|Any CPU.Build.0 = Release|Any CPU
	EndGlobalSection
	GlobalSection(SolutionProperties) = preSolution
		HideSolutionNode = FALSE
	EndGlobalSection
	GlobalSection(ExtensibilityGlobals) = postSolution
		SolutionGuid = {D86D53A0-05B6-4581-90A7-B0B5C31F7F64}
	EndGlobalSection
EndGlobal
